{
  "object": {
    "pins": [
      {
        "package": "OpenTelemetryModels",
        "repositoryURL": "https://github.com/heckj/OpenTelemetryModels",
        "state": {
          "branch": "master",
          "revision": "598d0b2a19cdd15336ba0ac51c2dfab912b29097",
          "version": null
        }
      },
      {
        "package": "OrderedDictionary",
        "repositoryURL": "https://github.com/lukaskubanek/OrderedDictionary.git",
        "state": {
          "branch": null,
          "revision": "acb62df76052bef95a918d26f12bf4996b8587ea",
          "version": "2.4.0"
        }
      },
      {
        "package": "PreviewBackground",
        "repositoryURL": "https://github.com/heckj/PreviewBackground",
        "state": {
          "branch": null,
          "revision": "7cac594fc4ab8820f3455bcf47cc44263f051a00",
          "version": "0.1.1"
        }
      },
      {
        "package": "SwiftProtobuf",
        "repositoryURL": "https://github.com/apple/swift-protobuf.git",
        "state": {
          "branch": null,
          "revision": "7790acf0a81d08429cb20375bf42a8c7d279c5fe",
          "version": "1.8.0"
        }
      }
    ]
  },
  "version": 1
}
