{
  "object": {
    "pins": [
      {
        "package": "Future",
        "repositoryURL": "https://github.com/kean/Future",
        "state": {
          "branch": null,
          "revision": "ff9634c819962aa78f7bb360fdae7299d62f1cdc",
          "version": "1.4.0"
        }
      },
      {
        "package": "OpenTelemetryModels",
        "repositoryURL": "https://github.com/heckj/OpenTelemetryModels",
        "state": {
          "branch": null,
          "revision": "fdee147ab93c8b29eae7b020512a8fddf6b22689",
          "version": "0.3.0"
        }
      },
      {
        "package": "PreviewBackground",
        "repositoryURL": "https://github.com/heckj/PreviewBackground",
        "state": {
          "branch": null,
          "revision": "7cac594fc4ab8820f3455bcf47cc44263f051a00",
          "version": "0.1.1"
        }
      },
      {
        "package": "SwiftProtobuf",
        "repositoryURL": "https://github.com/apple/swift-protobuf.git",
        "state": {
          "branch": null,
          "revision": "7790acf0a81d08429cb20375bf42a8c7d279c5fe",
          "version": "1.8.0"
        }
      }
    ]
  },
  "version": 1
}
